version = 1

[metadata]
px_version = "0.1.0"
created_at = "2025-11-14T21:37:44.218568565Z"
mode = "p0-pinned"

[project]
name = "sample-px-app"

[python]
requirement = ">=3.12"

[[dependencies]]
name = "rich"
specifier = "rich==13.7.1"

[dependencies.artifact]
filename = "rich-13.7.1-py3-none-any.whl"
url = "https://files.pythonhosted.org/packages/87/67/a37f6214d0e9fe57f6ae54b2956d550ca8365857f42a1ce0392bb21d9410/rich-13.7.1-py3-none-any.whl"
sha256 = "4edbae314f59eb482f54e9e30bf00d33350aaa94f4bfcd4e9e3110e64d0d7222"
size = 240681
cached_path = "/home/toxictoast/.cache/px/store/wheels/rich/13.7.1/rich-13.7.1-py3-none-any.whl"
python_tag = "py3"
abi_tag = "none"
platform_tag = "any"
