version = 1

[metadata]
px_version = "0.1.0"
created_at = "2025-11-27T11:49:19.127058064Z"
mode = "p0-pinned"
manifest_fingerprint = "6889558ed7972f2969f8d5ba029a1fe6b38733e277f454f2121b4a137badb50c"
lock_id = "31f4a4dcf3f3ee6a2298b98bdcf616b9457e63f16e651296a98cd3178a27f5ba"

[project]
name = "traceback_lab"

[python]
requirement = ">=3.12"
