version = 1

[metadata]
px_version = "0.1.0"
created_at = "2025-11-20T01:15:19.604585343Z"
mode = "p0-pinned"
manifest_fingerprint = "75829f016352d03c66ebe7a3b8392d3ad10fb4a529b299baccce2887b8a3285c"
lock_id = "26d4bdb52c5f3244e98734f90888f8b3ed0b55eb56f4de84bd5a595553fb1402"

[project]
name = "traceback_lab"

[python]
requirement = ">=3.12"
